
Microsoft Visual Studio Solution File, Format Version 12.00
Project("{FAE04EC0-301F-11D3-BF4B-00C04F79EFBC}") = "MTRACK", "MTRACK\MTRACK.csproj", "{E63F3052-ADDB-4431-97E6-7B6B837CDBDF}"
EndProject
Project("{FAE04EC0-301F-11D3-BF4B-00C04F79EFBC}") = "libmtrack", "libmtrack\libmtrack.csproj", "{F4B6D99C-3DC2-43E1-B67E-FF971F469BC9}"
EndProject
Project("{FAE04EC0-301F-11D3-BF4B-00C04F79EFBC}") = "clitrack", "clitrack\clitrack.csproj", "{9BD2DA96-E496-46DA-B04D-DBBDC9A36363}"
EndProject
Project("{FAE04EC0-301F-11D3-BF4B-00C04F79EFBC}") = "Pie.Audio", "..\Easel\Pie\Pie.Audio\Pie.Audio.csproj", "{27542A79-865D-4DD0-A57C-966AE3F3EADB}"
EndProject
Global
	GlobalSection(SolutionConfigurationPlatforms) = preSolution
		Debug|Any CPU = Debug|Any CPU
		Release|Any CPU = Release|Any CPU
	EndGlobalSection
	GlobalSection(ProjectConfigurationPlatforms) = postSolution
		{E63F3052-ADDB-4431-97E6-7B6B837CDBDF}.Debug|Any CPU.ActiveCfg = Debug|Any CPU
		{E63F3052-ADDB-4431-97E6-7B6B837CDBDF}.Debug|Any CPU.Build.0 = Debug|Any CPU
		{E63F3052-ADDB-4431-97E6-7B6B837CDBDF}.Release|Any CPU.ActiveCfg = Release|Any CPU
		{E63F3052-ADDB-4431-97E6-7B6B837CDBDF}.Release|Any CPU.Build.0 = Release|Any CPU
		{F4B6D99C-3DC2-43E1-B67E-FF971F469BC9}.Debug|Any CPU.ActiveCfg = Debug|Any CPU
		{F4B6D99C-3DC2-43E1-B67E-FF971F469BC9}.Debug|Any CPU.Build.0 = Debug|Any CPU
		{F4B6D99C-3DC2-43E1-B67E-FF971F469BC9}.Release|Any CPU.ActiveCfg = Release|Any CPU
		{F4B6D99C-3DC2-43E1-B67E-FF971F469BC9}.Release|Any CPU.Build.0 = Release|Any CPU
		{9BD2DA96-E496-46DA-B04D-DBBDC9A36363}.Debug|Any CPU.ActiveCfg = Debug|Any CPU
		{9BD2DA96-E496-46DA-B04D-DBBDC9A36363}.Debug|Any CPU.Build.0 = Debug|Any CPU
		{9BD2DA96-E496-46DA-B04D-DBBDC9A36363}.Release|Any CPU.ActiveCfg = Release|Any CPU
		{9BD2DA96-E496-46DA-B04D-DBBDC9A36363}.Release|Any CPU.Build.0 = Release|Any CPU
		{27542A79-865D-4DD0-A57C-966AE3F3EADB}.Debug|Any CPU.ActiveCfg = Debug|Any CPU
		{27542A79-865D-4DD0-A57C-966AE3F3EADB}.Debug|Any CPU.Build.0 = Debug|Any CPU
		{27542A79-865D-4DD0-A57C-966AE3F3EADB}.Release|Any CPU.ActiveCfg = Release|Any CPU
		{27542A79-865D-4DD0-A57C-966AE3F3EADB}.Release|Any CPU.Build.0 = Release|Any CPU
	EndGlobalSection
EndGlobal
